
Microsoft Visual Studio Solution File, Format Version 12.00
# Visual Studio Version 16
VisualStudioVersion = 16.0.30320.27
MinimumVisualStudioVersion = 10.0.40219.1
Project("{2150E333-8FDC-42A3-9474-1A3956D46DE8}") = "src", "src", "{51188C30-EDE6-4534-9AFE-994620673972}"
	ProjectSection(SolutionItems) = preProject
		src\ServerAdapter.cs = src\ServerAdapter.cs
	EndProjectSection
EndProject
Project("{FAE04EC0-301F-11D3-BF4B-00C04F79EFBC}") = "Atomus.Service.ServerAdapter(dotNet)", "dotNet\Atomus.Service.ServerAdapter(dotNet).csproj", "{15D84AB3-4FBC-4717-83DA-94E9B1D838C7}"
EndProject
Project("{FAE04EC0-301F-11D3-BF4B-00C04F79EFBC}") = "Atomus.Service.ServerAdapter(dotNetCore)", "dotNetCore\Atomus.Service.ServerAdapter(dotNetCore).csproj", "{5AA631A6-80CB-4E15-9E68-486EE35092BA}"
EndProject
Project("{FAE04EC0-301F-11D3-BF4B-00C04F79EFBC}") = "Atomus.Service.ServerAdapter(dotNetStandard)", "dotNetStandard\Atomus.Service.ServerAdapter(dotNetStandard).csproj", "{90DD6277-9354-4B88-98AC-7285F0706535}"
EndProject
Global
	GlobalSection(SolutionConfigurationPlatforms) = preSolution
		Debug|Any CPU = Debug|Any CPU
		Release|Any CPU = Release|Any CPU
	EndGlobalSection
	GlobalSection(ProjectConfigurationPlatforms) = postSolution
		{15D84AB3-4FBC-4717-83DA-94E9B1D838C7}.Debug|Any CPU.ActiveCfg = Debug|Any CPU
		{15D84AB3-4FBC-4717-83DA-94E9B1D838C7}.Debug|Any CPU.Build.0 = Debug|Any CPU
		{15D84AB3-4FBC-4717-83DA-94E9B1D838C7}.Release|Any CPU.ActiveCfg = Release|Any CPU
		{15D84AB3-4FBC-4717-83DA-94E9B1D838C7}.Release|Any CPU.Build.0 = Release|Any CPU
		{5AA631A6-80CB-4E15-9E68-486EE35092BA}.Debug|Any CPU.ActiveCfg = Debug|Any CPU
		{5AA631A6-80CB-4E15-9E68-486EE35092BA}.Debug|Any CPU.Build.0 = Debug|Any CPU
		{5AA631A6-80CB-4E15-9E68-486EE35092BA}.Release|Any CPU.ActiveCfg = Release|Any CPU
		{5AA631A6-80CB-4E15-9E68-486EE35092BA}.Release|Any CPU.Build.0 = Release|Any CPU
		{90DD6277-9354-4B88-98AC-7285F0706535}.Debug|Any CPU.ActiveCfg = Debug|Any CPU
		{90DD6277-9354-4B88-98AC-7285F0706535}.Debug|Any CPU.Build.0 = Debug|Any CPU
		{90DD6277-9354-4B88-98AC-7285F0706535}.Release|Any CPU.ActiveCfg = Release|Any CPU
		{90DD6277-9354-4B88-98AC-7285F0706535}.Release|Any CPU.Build.0 = Release|Any CPU
	EndGlobalSection
	GlobalSection(SolutionProperties) = preSolution
		HideSolutionNode = FALSE
	EndGlobalSection
	GlobalSection(ExtensibilityGlobals) = postSolution
		SolutionGuid = {EC4FFEC1-FE07-430F-819C-276CEAF8A240}
	EndGlobalSection
EndGlobal
